
Microsoft Visual Studio Solution File, Format Version 12.00
# Visual Studio 15
VisualStudioVersion = 15.0.28307.2092
MinimumVisualStudioVersion = 10.0.40219.1
Project("{FAE04EC0-301F-11D3-BF4B-00C04F79EFBC}") = "telephone", "telephone\telephone.csproj", "{B13A438B-1950-4E01-95B2-6F90B0F11A24}"
EndProject
Global
	GlobalSection(SolutionConfigurationPlatforms) = preSolution
		Debug|Any CPU = Debug|Any CPU
		Release|Any CPU = Release|Any CPU
	EndGlobalSection
	GlobalSection(ProjectConfigurationPlatforms) = postSolution
		{B13A438B-1950-4E01-95B2-6F90B0F11A24}.Debug|Any CPU.ActiveCfg = Debug|Any CPU
		{B13A438B-1950-4E01-95B2-6F90B0F11A24}.Debug|Any CPU.Build.0 = Debug|Any CPU
		{B13A438B-1950-4E01-95B2-6F90B0F11A24}.Release|Any CPU.ActiveCfg = Release|Any CPU
		{B13A438B-1950-4E01-95B2-6F90B0F11A24}.Release|Any CPU.Build.0 = Release|Any CPU
	EndGlobalSection
	GlobalSection(SolutionProperties) = preSolution
		HideSolutionNode = FALSE
	EndGlobalSection
	GlobalSection(ExtensibilityGlobals) = postSolution
		SolutionGuid = {5310A275-2F2F-4A79-9ADE-1EA95642974C}
	EndGlobalSection
EndGlobal
